
Microsoft Visual Studio Solution File, Format Version 12.00
# Visual Studio Version 17
VisualStudioVersion = 17.0.31903.59
MinimumVisualStudioVersion = 10.0.40219.1
Project("{FAE04EC0-301F-11D3-BF4B-00C04F79EFBC}") = "BackEndAje.Api.Application", "BackEndAje.Api.Application\BackEndAje.Api.Application.csproj", "{CB5624E7-CCBA-472B-BEED-2F9A39C65E20}"
EndProject
Project("{FAE04EC0-301F-11D3-BF4B-00C04F79EFBC}") = "BackEndAje.Api.Application.Tests", "BackEndAje.Api.Application.Tests\BackEndAje.Api.Application.Tests.csproj", "{88EB6088-7C6C-43C7-93C3-4D8E45F73A0C}"
EndProject
Project("{FAE04EC0-301F-11D3-BF4B-00C04F79EFBC}") = "BackEndAje.Api.Architecture.Tests", "BackEndAje.Api.Architecture.Tests\BackEndAje.Api.Architecture.Tests.csproj", "{0203B1D2-A688-4906-ACC5-6391B7F2B202}"
EndProject
Project("{FAE04EC0-301F-11D3-BF4B-00C04F79EFBC}") = "BackEndAje.Api.Domain", "BackEndAje.Api.Domain\BackEndAje.Api.Domain.csproj", "{38307627-3A39-4897-ADC9-F4CC78FE8DB1}"
EndProject
Project("{FAE04EC0-301F-11D3-BF4B-00C04F79EFBC}") = "BackEndAje.Api.Domain.Tests", "BackEndAje.Api.Domain.Tests\BackEndAje.Api.Domain.Tests.csproj", "{B50325DE-9B6E-46BC-88EC-A9C919EAE48A}"
EndProject
Project("{FAE04EC0-301F-11D3-BF4B-00C04F79EFBC}") = "BackEndAje.Api.Infrastructure", "BackEndAje.Api.Infrastructure\BackEndAje.Api.Infrastructure.csproj", "{552B7256-36C4-4886-BE62-D6E9BE3BBAA7}"
EndProject
Project("{FAE04EC0-301F-11D3-BF4B-00C04F79EFBC}") = "BackEndAje.Api.Infrastructure.Tests", "BackEndAje.Api.Infrastructure.Tests\BackEndAje.Api.Infrastructure.Tests.csproj", "{4596B82D-D88E-4882-A31C-DBC3CA2188FD}"
EndProject
Project("{FAE04EC0-301F-11D3-BF4B-00C04F79EFBC}") = "BackEndAje.Api.Presentation", "BackEndAje.Api.Presentation\BackEndAje.Api.Presentation.csproj", "{2654AE05-5238-4BE9-A47A-0BA69F78C82D}"
EndProject
Project("{FAE04EC0-301F-11D3-BF4B-00C04F79EFBC}") = "BackEndAje.Api.Presentation.Tests", "BackEndAje.Api.Presentation.Tests\BackEndAje.Api.Presentation.Tests.csproj", "{E197ED08-48A3-45F3-BF3B-1EB08C5C9929}"
EndProject
Project("{FAE04EC0-301F-11D3-BF4B-00C04F79EFBC}") = "BackEndAje.Api.Web", "BackEndAje.Api.Web\BackEndAje.Api.Web.csproj", "{3793960B-E544-429D-84B9-6AC4AD306672}"
EndProject
Project("{FAE04EC0-301F-11D3-BF4B-00C04F79EFBC}") = "BackEndAje.Api.Web.Tests", "BackEndAje.Api.Web.Tests\BackEndAje.Api.Web.Tests.csproj", "{28938F0B-3779-4B08-8C8C-C6B7E7C28D3D}"
EndProject
Project("{2150E333-8FDC-42A3-9474-1A3956D46DE8}") = "Core", "Core", "{C3F1DDD5-0C2C-4388-96A9-F2F7EFF52CF1}"
EndProject
Project("{2150E333-8FDC-42A3-9474-1A3956D46DE8}") = "External", "External", "{40DF048A-733E-4078-875F-94657AD1AE1B}"
EndProject
Project("{2150E333-8FDC-42A3-9474-1A3956D46DE8}") = "Test", "Test", "{6CEE9922-2C26-4B55-B23E-6DF6F1389ADE}"
EndProject
Project("{2150E333-8FDC-42A3-9474-1A3956D46DE8}") = "Core", "Core", "{DAF8A58C-2CA9-409A-87C6-B8845588AC4A}"
EndProject
Project("{2150E333-8FDC-42A3-9474-1A3956D46DE8}") = "External", "External", "{F0508806-EFDF-49A8-BA4F-5D37330F46CF}"
EndProject
Global
	GlobalSection(SolutionConfigurationPlatforms) = preSolution
		Debug|Any CPU = Debug|Any CPU
		Release|Any CPU = Release|Any CPU
	EndGlobalSection
	GlobalSection(SolutionProperties) = preSolution
		HideSolutionNode = FALSE
	EndGlobalSection
	GlobalSection(ProjectConfigurationPlatforms) = postSolution
		{CB5624E7-CCBA-472B-BEED-2F9A39C65E20}.Debug|Any CPU.ActiveCfg = Debug|Any CPU
		{CB5624E7-CCBA-472B-BEED-2F9A39C65E20}.Debug|Any CPU.Build.0 = Debug|Any CPU
		{CB5624E7-CCBA-472B-BEED-2F9A39C65E20}.Release|Any CPU.ActiveCfg = Release|Any CPU
		{CB5624E7-CCBA-472B-BEED-2F9A39C65E20}.Release|Any CPU.Build.0 = Release|Any CPU
		{88EB6088-7C6C-43C7-93C3-4D8E45F73A0C}.Debug|Any CPU.ActiveCfg = Debug|Any CPU
		{88EB6088-7C6C-43C7-93C3-4D8E45F73A0C}.Debug|Any CPU.Build.0 = Debug|Any CPU
		{88EB6088-7C6C-43C7-93C3-4D8E45F73A0C}.Release|Any CPU.ActiveCfg = Release|Any CPU
		{88EB6088-7C6C-43C7-93C3-4D8E45F73A0C}.Release|Any CPU.Build.0 = Release|Any CPU
		{0203B1D2-A688-4906-ACC5-6391B7F2B202}.Debug|Any CPU.ActiveCfg = Debug|Any CPU
		{0203B1D2-A688-4906-ACC5-6391B7F2B202}.Debug|Any CPU.Build.0 = Debug|Any CPU
		{0203B1D2-A688-4906-ACC5-6391B7F2B202}.Release|Any CPU.ActiveCfg = Release|Any CPU
		{0203B1D2-A688-4906-ACC5-6391B7F2B202}.Release|Any CPU.Build.0 = Release|Any CPU
		{38307627-3A39-4897-ADC9-F4CC78FE8DB1}.Debug|Any CPU.ActiveCfg = Debug|Any CPU
		{38307627-3A39-4897-ADC9-F4CC78FE8DB1}.Debug|Any CPU.Build.0 = Debug|Any CPU
		{38307627-3A39-4897-ADC9-F4CC78FE8DB1}.Release|Any CPU.ActiveCfg = Release|Any CPU
		{38307627-3A39-4897-ADC9-F4CC78FE8DB1}.Release|Any CPU.Build.0 = Release|Any CPU
		{B50325DE-9B6E-46BC-88EC-A9C919EAE48A}.Debug|Any CPU.ActiveCfg = Debug|Any CPU
		{B50325DE-9B6E-46BC-88EC-A9C919EAE48A}.Debug|Any CPU.Build.0 = Debug|Any CPU
		{B50325DE-9B6E-46BC-88EC-A9C919EAE48A}.Release|Any CPU.ActiveCfg = Release|Any CPU
		{B50325DE-9B6E-46BC-88EC-A9C919EAE48A}.Release|Any CPU.Build.0 = Release|Any CPU
		{552B7256-36C4-4886-BE62-D6E9BE3BBAA7}.Debug|Any CPU.ActiveCfg = Debug|Any CPU
		{552B7256-36C4-4886-BE62-D6E9BE3BBAA7}.Debug|Any CPU.Build.0 = Debug|Any CPU
		{552B7256-36C4-4886-BE62-D6E9BE3BBAA7}.Release|Any CPU.ActiveCfg = Release|Any CPU
		{552B7256-36C4-4886-BE62-D6E9BE3BBAA7}.Release|Any CPU.Build.0 = Release|Any CPU
		{4596B82D-D88E-4882-A31C-DBC3CA2188FD}.Debug|Any CPU.ActiveCfg = Debug|Any CPU
		{4596B82D-D88E-4882-A31C-DBC3CA2188FD}.Debug|Any CPU.Build.0 = Debug|Any CPU
		{4596B82D-D88E-4882-A31C-DBC3CA2188FD}.Release|Any CPU.ActiveCfg = Release|Any CPU
		{4596B82D-D88E-4882-A31C-DBC3CA2188FD}.Release|Any CPU.Build.0 = Release|Any CPU
		{2654AE05-5238-4BE9-A47A-0BA69F78C82D}.Debug|Any CPU.ActiveCfg = Debug|Any CPU
		{2654AE05-5238-4BE9-A47A-0BA69F78C82D}.Debug|Any CPU.Build.0 = Debug|Any CPU
		{2654AE05-5238-4BE9-A47A-0BA69F78C82D}.Release|Any CPU.ActiveCfg = Release|Any CPU
		{2654AE05-5238-4BE9-A47A-0BA69F78C82D}.Release|Any CPU.Build.0 = Release|Any CPU
		{E197ED08-48A3-45F3-BF3B-1EB08C5C9929}.Debug|Any CPU.ActiveCfg = Debug|Any CPU
		{E197ED08-48A3-45F3-BF3B-1EB08C5C9929}.Debug|Any CPU.Build.0 = Debug|Any CPU
		{E197ED08-48A3-45F3-BF3B-1EB08C5C9929}.Release|Any CPU.ActiveCfg = Release|Any CPU
		{E197ED08-48A3-45F3-BF3B-1EB08C5C9929}.Release|Any CPU.Build.0 = Release|Any CPU
		{3793960B-E544-429D-84B9-6AC4AD306672}.Debug|Any CPU.ActiveCfg = Debug|Any CPU
		{3793960B-E544-429D-84B9-6AC4AD306672}.Debug|Any CPU.Build.0 = Debug|Any CPU
		{3793960B-E544-429D-84B9-6AC4AD306672}.Release|Any CPU.ActiveCfg = Release|Any CPU
		{3793960B-E544-429D-84B9-6AC4AD306672}.Release|Any CPU.Build.0 = Release|Any CPU
		{28938F0B-3779-4B08-8C8C-C6B7E7C28D3D}.Debug|Any CPU.ActiveCfg = Debug|Any CPU
		{28938F0B-3779-4B08-8C8C-C6B7E7C28D3D}.Debug|Any CPU.Build.0 = Debug|Any CPU
		{28938F0B-3779-4B08-8C8C-C6B7E7C28D3D}.Release|Any CPU.ActiveCfg = Release|Any CPU
		{28938F0B-3779-4B08-8C8C-C6B7E7C28D3D}.Release|Any CPU.Build.0 = Release|Any CPU
	EndGlobalSection
	GlobalSection(NestedProjects) = preSolution
		{CB5624E7-CCBA-472B-BEED-2F9A39C65E20} = {C3F1DDD5-0C2C-4388-96A9-F2F7EFF52CF1}
		{38307627-3A39-4897-ADC9-F4CC78FE8DB1} = {C3F1DDD5-0C2C-4388-96A9-F2F7EFF52CF1}
		{552B7256-36C4-4886-BE62-D6E9BE3BBAA7} = {40DF048A-733E-4078-875F-94657AD1AE1B}
		{2654AE05-5238-4BE9-A47A-0BA69F78C82D} = {40DF048A-733E-4078-875F-94657AD1AE1B}
		{DAF8A58C-2CA9-409A-87C6-B8845588AC4A} = {6CEE9922-2C26-4B55-B23E-6DF6F1389ADE}
		{88EB6088-7C6C-43C7-93C3-4D8E45F73A0C} = {DAF8A58C-2CA9-409A-87C6-B8845588AC4A}
		{B50325DE-9B6E-46BC-88EC-A9C919EAE48A} = {DAF8A58C-2CA9-409A-87C6-B8845588AC4A}
		{F0508806-EFDF-49A8-BA4F-5D37330F46CF} = {6CEE9922-2C26-4B55-B23E-6DF6F1389ADE}
		{4596B82D-D88E-4882-A31C-DBC3CA2188FD} = {F0508806-EFDF-49A8-BA4F-5D37330F46CF}
		{E197ED08-48A3-45F3-BF3B-1EB08C5C9929} = {F0508806-EFDF-49A8-BA4F-5D37330F46CF}
		{0203B1D2-A688-4906-ACC5-6391B7F2B202} = {6CEE9922-2C26-4B55-B23E-6DF6F1389ADE}
		{28938F0B-3779-4B08-8C8C-C6B7E7C28D3D} = {6CEE9922-2C26-4B55-B23E-6DF6F1389ADE}
	EndGlobalSection
EndGlobal
